
Microsoft Visual Studio Solution File, Format Version 12.00
# Visual Studio Version 16
VisualStudioVersion = 16.0.31205.134
MinimumVisualStudioVersion = 10.0.40219.1
Project("{FAE04EC0-301F-11D3-BF4B-00C04F79EFBC}") = "Nuke.Extensions", "Nuke.Extensions\Nuke.Extensions.csproj", "{F16C4F45-EB92-40AF-9717-6E9DE082BA4A}"
EndProject
Global
	GlobalSection(SolutionConfigurationPlatforms) = preSolution
		Debug|Any CPU = Debug|Any CPU
		Release|Any CPU = Release|Any CPU
	EndGlobalSection
	GlobalSection(ProjectConfigurationPlatforms) = postSolution
		{F16C4F45-EB92-40AF-9717-6E9DE082BA4A}.Debug|Any CPU.ActiveCfg = Debug|Any CPU
		{F16C4F45-EB92-40AF-9717-6E9DE082BA4A}.Debug|Any CPU.Build.0 = Debug|Any CPU
		{F16C4F45-EB92-40AF-9717-6E9DE082BA4A}.Release|Any CPU.ActiveCfg = Release|Any CPU
		{F16C4F45-EB92-40AF-9717-6E9DE082BA4A}.Release|Any CPU.Build.0 = Release|Any CPU
	EndGlobalSection
	GlobalSection(SolutionProperties) = preSolution
		HideSolutionNode = FALSE
	EndGlobalSection
	GlobalSection(ExtensibilityGlobals) = postSolution
		SolutionGuid = {A2773F36-119C-49EA-8ADB-ED302D011C3B}
	EndGlobalSection
EndGlobal
